// !$*UTF8*$!
{
	archiveVersion = 1;
	classes = {
	};
	objectVersion = 48;
	objects = {

/* Begin PBXBuildFile section */
		715AF84C202AABEE0030F166 /* AppDelegate.m in Sources */ = {isa = PBXBuildFile; fileRef = 715AF84B202AABEE0030F166 /* AppDelegate.m */; };
		715AF84F202AABEE0030F166 /* ViewController.mm in Sources */ = {isa = PBXBuildFile; fileRef = 715AF84E202AABEE0030F166 /* ViewController.mm */; };
		715AF852202AABEE0030F166 /* Main.storyboard in Resources */ = {isa = PBXBuildFile; fileRef = 715AF850202AABEE0030F166 /* Main.storyboard */; };
		715AF854202AABEE0030F166 /* Assets.xcassets in Resources */ = {isa = PBXBuildFile; fileRef = 715AF853202AABEE0030F166 /* Assets.xcassets */; };
		715AF857202AABEE0030F166 /* LaunchScreen.storyboard in Resources */ = {isa = PBXBuildFile; fileRef = 715AF855202AABEE0030F166 /* LaunchScreen.storyboard */; };
		715AF85A202AABEE0030F166 /* main.m in Sources */ = {isa = PBXBuildFile; fileRef = 715AF859202AABEE0030F166 /* main.m */; };
		715AF862202AAC0B0030F166 /* TestOpenssl.mm in Sources */ = {isa = PBXBuildFile; fileRef = 715AF860202AAC0B0030F166 /* TestOpenssl.mm */; };
		715AF863202AAD3A0030F166 /* TestOpenssl.mm in Resources */ = {isa = PBXBuildFile; fileRef = 715AF860202AAC0B0030F166 /* TestOpenssl.mm */; };
		715AF864202AAD3A0030F166 /* TestOpenssl.h in Resources */ = {isa = PBXBuildFile; fileRef = 715AF861202AAC0B0030F166 /* TestOpenssl.h */; };
		715AF868202AAD630030F166 /* libssl.a in Frameworks */ = {isa = PBXBuildFile; fileRef = 715AF866202AAD630030F166 /* libssl.a */; };
		715AF869202AAD630030F166 /* libcrypto.a in Frameworks */ = {isa = PBXBuildFile; fileRef = 715AF867202AAD630030F166 /* libcrypto.a */; };
/* End PBXBuildFile section */

/* Begin PBXFileReference section */
		715AF847202AABEE0030F166 /* TestOpenssl.app */ = {isa = PBXFileReference; explicitFileType = wrapper.application; includeInIndex = 0; path = TestOpenssl.app; sourceTree = BUILT_PRODUCTS_DIR; };
		715AF84A202AABEE0030F166 /* AppDelegate.h */ = {isa = PBXFileReference; lastKnownFileType = sourcecode.c.h; path = AppDelegate.h; sourceTree = "<group>"; };
		715AF84B202AABEE0030F166 /* AppDelegate.m */ = {isa = PBXFileReference; lastKnownFileType = sourcecode.c.objc; path = AppDelegate.m; sourceTree = "<group>"; };
		715AF84D202AABEE0030F166 /* ViewController.h */ = {isa = PBXFileReference; lastKnownFileType = sourcecode.c.h; path = ViewController.h; sourceTree = "<group>"; };
		715AF84E202AABEE0030F166 /* ViewController.mm */ = {isa = PBXFileReference; lastKnownFileType = sourcecode.cpp.objcpp; path = ViewController.mm; sourceTree = "<group>"; };
		715AF851202AABEE0030F166 /* Base */ = {isa = PBXFileReference; lastKnownFileType = file.storyboard; name = Base; path = Base.lproj/Main.storyboard; sourceTree = "<group>"; };
		715AF853202AABEE0030F166 /* Assets.xcassets */ = {isa = PBXFileReference; lastKnownFileType = folder.assetcatalog; path = Assets.xcassets; sourceTree = "<group>"; };
		715AF856202AABEE0030F166 /* Base */ = {isa = PBXFileReference; lastKnownFileType = file.storyboard; name = Base; path = Base.lproj/LaunchScreen.storyboard; sourceTree = "<group>"; };
		715AF858202AABEE0030F166 /* Info.plist */ = {isa = PBXFileReference; lastKnownFileType = text.plist.xml; path = Info.plist; sourceTree = "<group>"; };
		715AF859202AABEE0030F166 /* main.m */ = {isa = PBXFileReference; lastKnownFileType = sourcecode.c.objc; path = main.m; sourceTree = "<group>"; };
		715AF860202AAC0B0030F166 /* TestOpenssl.mm */ = {isa = PBXFileReference; lastKnownFileType = sourcecode.cpp.objcpp; path = TestOpenssl.mm; sourceTree = "<group>"; };
		715AF861202AAC0B0030F166 /* TestOpenssl.h */ = {isa = PBXFileReference; lastKnownFileType = sourcecode.c.h; path = TestOpenssl.h; sourceTree = "<group>"; };
		715AF866202AAD630030F166 /* libssl.a */ = {isa = PBXFileReference; lastKnownFileType = archive.ar; name = libssl.a; path = ../../../third_party/openssl/ios/lib/libssl.a; sourceTree = "<group>"; };
		715AF867202AAD630030F166 /* libcrypto.a */ = {isa = PBXFileReference; lastKnownFileType = archive.ar; name = libcrypto.a; path = ../../../third_party/openssl/ios/lib/libcrypto.a; sourceTree = "<group>"; };
/* End PBXFileReference section */

/* Begin PBXFrameworksBuildPhase section */
		715AF844202AABEE0030F166 /* Frameworks */ = {
			isa = PBXFrameworksBuildPhase;
			buildActionMask = 2147483647;
			files = (
				715AF868202AAD630030F166 /* libssl.a in Frameworks */,
				715AF869202AAD630030F166 /* libcrypto.a in Frameworks */,
			);
			runOnlyForDeploymentPostprocessing = 0;
		};
/* End PBXFrameworksBuildPhase section */

/* Begin PBXGroup section */
		715AF83E202AABEE0030F166 = {
			isa = PBXGroup;
			children = (
				715AF849202AABEE0030F166 /* TestOpenssl */,
				715AF848202AABEE0030F166 /* Products */,
				715AF865202AAD630030F166 /* Frameworks */,
			);
			sourceTree = "<group>";
		};
		715AF848202AABEE0030F166 /* Products */ = {
			isa = PBXGroup;
			children = (
				715AF847202AABEE0030F166 /* TestOpenssl.app */,
			);
			name = Products;
			sourceTree = "<group>";
		};
		715AF849202AABEE0030F166 /* TestOpenssl */ = {
			isa = PBXGroup;
			children = (
				715AF84A202AABEE0030F166 /* AppDelegate.h */,
				715AF84B202AABEE0030F166 /* AppDelegate.m */,
				715AF84D202AABEE0030F166 /* ViewController.h */,
				715AF84E202AABEE0030F166 /* ViewController.mm */,
				715AF850202AABEE0030F166 /* Main.storyboard */,
				715AF853202AABEE0030F166 /* Assets.xcassets */,
				715AF855202AABEE0030F166 /* LaunchScreen.storyboard */,
				715AF858202AABEE0030F166 /* Info.plist */,
				715AF859202AABEE0030F166 /* main.m */,
				715AF860202AAC0B0030F166 /* TestOpenssl.mm */,
				715AF861202AAC0B0030F166 /* TestOpenssl.h */,
			);
			path = TestOpenssl;
			sourceTree = "<group>";
		};
		715AF865202AAD630030F166 /* Frameworks */ = {
			isa = PBXGroup;
			children = (
				715AF867202AAD630030F166 /* libcrypto.a */,
				715AF866202AAD630030F166 /* libssl.a */,
			);
			name = Frameworks;
			sourceTree = "<group>";
		};
/* End PBXGroup section */

/* Begin PBXNativeTarget section */
		715AF846202AABEE0030F166 /* TestOpenssl */ = {
			isa = PBXNativeTarget;
			buildConfigurationList = 715AF85D202AABEE0030F166 /* Build configuration list for PBXNativeTarget "TestOpenssl" */;
			buildPhases = (
				715AF843202AABEE0030F166 /* Sources */,
				715AF844202AABEE0030F166 /* Frameworks */,
				715AF845202AABEE0030F166 /* Resources */,
			);
			buildRules = (
			);
			dependencies = (
			);
			name = TestOpenssl;
			productName = TestOpenssl;
			productReference = 715AF847202AABEE0030F166 /* TestOpenssl.app */;
			productType = "com.apple.product-type.application";
		};
/* End PBXNativeTarget section */

/* Begin PBXProject section */
		715AF83F202AABEE0030F166 /* Project object */ = {
			isa = PBXProject;
			attributes = {
				LastUpgradeCheck = 0920;
				ORGANIZATIONNAME = sohu;
				TargetAttributes = {
					715AF846202AABEE0030F166 = {
						CreatedOnToolsVersion = 9.2;
						ProvisioningStyle = Automatic;
					};
				};
			};
			buildConfigurationList = 715AF842202AABEE0030F166 /* Build configuration list for PBXProject "TestOpenssl" */;
			compatibilityVersion = "Xcode 8.0";
			developmentRegion = en;
			hasScannedForEncodings = 0;
			knownRegions = (
				en,
				Base,
			);
			mainGroup = 715AF83E202AABEE0030F166;
			productRefGroup = 715AF848202AABEE0030F166 /* Products */;
			projectDirPath = "";
			projectRoot = "";
			targets = (
				715AF846202AABEE0030F166 /* TestOpenssl */,
			);
		};
/* End PBXProject section */

/* Begin PBXResourcesBuildPhase section */
		715AF845202AABEE0030F166 /* Resources */ = {
			isa = PBXResourcesBuildPhase;
			buildActionMask = 2147483647;
			files = (
				715AF863202AAD3A0030F166 /* TestOpenssl.mm in Resources */,
				715AF864202AAD3A0030F166 /* TestOpenssl.h in Resources */,
				715AF857202AABEE0030F166 /* LaunchScreen.storyboard in Resources */,
				715AF854202AABEE0030F166 /* Assets.xcassets in Resources */,
				715AF852202AABEE0030F166 /* Main.storyboard in Resources */,
			);
			runOnlyForDeploymentPostprocessing = 0;
		};
/* End PBXResourcesBuildPhase section */

/* Begin PBXSourcesBuildPhase section */
		715AF843202AABEE0030F166 /* Sources */ = {
			isa = PBXSourcesBuildPhase;
			buildActionMask = 2147483647;
			files = (
				715AF862202AAC0B0030F166 /* TestOpenssl.mm in Sources */,
				715AF84F202AABEE0030F166 /* ViewController.mm in Sources */,
				715AF85A202AABEE0030F166 /* main.m in Sources */,
				715AF84C202AABEE0030F166 /* AppDelegate.m in Sources */,
			);
			runOnlyForDeploymentPostprocessing = 0;
		};
/* End PBXSourcesBuildPhase section */

/* Begin PBXVariantGroup section */
		715AF850202AABEE0030F166 /* Main.storyboard */ = {
			isa = PBXVariantGroup;
			children = (
				715AF851202AABEE0030F166 /* Base */,
			);
			name = Main.storyboard;
			sourceTree = "<group>";
		};
		715AF855202AABEE0030F166 /* LaunchScreen.storyboard */ = {
			isa = PBXVariantGroup;
			children = (
				715AF856202AABEE0030F166 /* Base */,
			);
			name = LaunchScreen.storyboard;
			sourceTree = "<group>";
		};
/* End PBXVariantGroup section */

/* Begin XCBuildConfiguration section */
		715AF85B202AABEE0030F166 /* Debug */ = {
			isa = XCBuildConfiguration;
			buildSettings = {
				ALWAYS_SEARCH_USER_PATHS = YES;
				CLANG_ANALYZER_NONNULL = YES;
				CLANG_ANALYZER_NUMBER_OBJECT_CONVERSION = YES_AGGRESSIVE;
				CLANG_CXX_LANGUAGE_STANDARD = "gnu++14";
				CLANG_CXX_LIBRARY = "libc++";
				CLANG_ENABLE_MODULES = YES;
				CLANG_ENABLE_OBJC_ARC = YES;
				CLANG_WARN_BLOCK_CAPTURE_AUTORELEASING = YES;
				CLANG_WARN_BOOL_CONVERSION = YES;
				CLANG_WARN_COMMA = YES;
				CLANG_WARN_CONSTANT_CONVERSION = YES;
				CLANG_WARN_DIRECT_OBJC_ISA_USAGE = YES_ERROR;
				CLANG_WARN_DOCUMENTATION_COMMENTS = YES;
				CLANG_WARN_EMPTY_BODY = YES;
				CLANG_WARN_ENUM_CONVERSION = YES;
				CLANG_WARN_INFINITE_RECURSION = YES;
				CLANG_WARN_INT_CONVERSION = YES;
				CLANG_WARN_NON_LITERAL_NULL_CONVERSION = YES;
				CLANG_WARN_OBJC_LITERAL_CONVERSION = YES;
				CLANG_WARN_OBJC_ROOT_CLASS = YES_ERROR;
				CLANG_WARN_RANGE_LOOP_ANALYSIS = YES;
				CLANG_WARN_STRICT_PROTOTYPES = YES;
				CLANG_WARN_SUSPICIOUS_MOVE = YES;
				CLANG_WARN_UNGUARDED_AVAILABILITY = YES_AGGRESSIVE;
				CLANG_WARN_UNREACHABLE_CODE = YES;
				CLANG_WARN__DUPLICATE_METHOD_MATCH = YES;
				CODE_SIGN_IDENTITY = "iPhone Developer";
				COPY_PHASE_STRIP = NO;
				DEBUG_INFORMATION_FORMAT = dwarf;
				ENABLE_BITCODE = NO;
				ENABLE_STRICT_OBJC_MSGSEND = YES;
				ENABLE_TESTABILITY = YES;
				GCC_C_LANGUAGE_STANDARD = gnu11;
				GCC_DYNAMIC_NO_PIC = NO;
				GCC_NO_COMMON_BLOCKS = YES;
				GCC_OPTIMIZATION_LEVEL = 0;
				GCC_PREPROCESSOR_DEFINITIONS = (
					"DEBUG=1",
					"$(inherited)",
				);
				GCC_WARN_64_TO_32_BIT_CONVERSION = YES;
				GCC_WARN_ABOUT_RETURN_TYPE = YES_ERROR;
				GCC_WARN_UNDECLARED_SELECTOR = YES;
				GCC_WARN_UNINITIALIZED_AUTOS = YES_AGGRESSIVE;
				GCC_WARN_UNUSED_FUNCTION = YES;
				GCC_WARN_UNUSED_VARIABLE = YES;
				HEADER_SEARCH_PATHS = /Volumes/code/code/mediasdk/third_party/openssl/ios/include;
				IPHONEOS_DEPLOYMENT_TARGET = 11.2;
				LIBRARY_SEARCH_PATHS = /Volumes/code/code/mediasdk/third_party/openssl/ios/lib;
				MTL_ENABLE_DEBUG_INFO = YES;
				ONLY_ACTIVE_ARCH = YES;
				OTHER_LDFLAGS = "-Objc";
				SDKROOT = iphoneos;
				USER_HEADER_SEARCH_PATHS = /Volumes/code/code/mediasdk/third_party/openssl/ios/include;
			};
			name = Debug;
		};
		715AF85C202AABEE0030F166 /* Release */ = {
			isa = XCBuildConfiguration;
			buildSettings = {
				ALWAYS_SEARCH_USER_PATHS = YES;
				CLANG_ANALYZER_NONNULL = YES;
				CLANG_ANALYZER_NUMBER_OBJECT_CONVERSION = YES_AGGRESSIVE;
				CLANG_CXX_LANGUAGE_STANDARD = "gnu++14";
				CLANG_CXX_LIBRARY = "libc++";
				CLANG_ENABLE_MODULES = YES;
				CLANG_ENABLE_OBJC_ARC = YES;
				CLANG_WARN_BLOCK_CAPTURE_AUTORELEASING = YES;
				CLANG_WARN_BOOL_CONVERSION = YES;
				CLANG_WARN_COMMA = YES;
				CLANG_WARN_CONSTANT_CONVERSION = YES;
				CLANG_WARN_DIRECT_OBJC_ISA_USAGE = YES_ERROR;
				CLANG_WARN_DOCUMENTATION_COMMENTS = YES;
				CLANG_WARN_EMPTY_BODY = YES;
				CLANG_WARN_ENUM_CONVERSION = YES;
				CLANG_WARN_INFINITE_RECURSION = YES;
				CLANG_WARN_INT_CONVERSION = YES;
				CLANG_WARN_NON_LITERAL_NULL_CONVERSION = YES;
				CLANG_WARN_OBJC_LITERAL_CONVERSION = YES;
				CLANG_WARN_OBJC_ROOT_CLASS = YES_ERROR;
				CLANG_WARN_RANGE_LOOP_ANALYSIS = YES;
				CLANG_WARN_STRICT_PROTOTYPES = YES;
				CLANG_WARN_SUSPICIOUS_MOVE = YES;
				CLANG_WARN_UNGUARDED_AVAILABILITY = YES_AGGRESSIVE;
				CLANG_WARN_UNREACHABLE_CODE = YES;
				CLANG_WARN__DUPLICATE_METHOD_MATCH = YES;
				CODE_SIGN_IDENTITY = "iPhone Developer";
				COPY_PHASE_STRIP = NO;
				DEBUG_INFORMATION_FORMAT = "dwarf-with-dsym";
				ENABLE_BITCODE = NO;
				ENABLE_NS_ASSERTIONS = NO;
				ENABLE_STRICT_OBJC_MSGSEND = YES;
				GCC_C_LANGUAGE_STANDARD = gnu11;
				GCC_NO_COMMON_BLOCKS = YES;
				GCC_WARN_64_TO_32_BIT_CONVERSION = YES;
				GCC_WARN_ABOUT_RETURN_TYPE = YES_ERROR;
				GCC_WARN_UNDECLARED_SELECTOR = YES;
				GCC_WARN_UNINITIALIZED_AUTOS = YES_AGGRESSIVE;
				GCC_WARN_UNUSED_FUNCTION = YES;
				GCC_WARN_UNUSED_VARIABLE = YES;
				HEADER_SEARCH_PATHS = /Volumes/code/code/mediasdk/third_party/openssl/ios/include;
				IPHONEOS_DEPLOYMENT_TARGET = 11.2;
				LIBRARY_SEARCH_PATHS = /Volumes/code/code/mediasdk/third_party/openssl/ios/lib;
				MTL_ENABLE_DEBUG_INFO = NO;
				OTHER_LDFLAGS = "-Objc";
				SDKROOT = iphoneos;
				USER_HEADER_SEARCH_PATHS = /Volumes/code/code/mediasdk/third_party/openssl/ios/include;
				VALIDATE_PRODUCT = YES;
			};
			name = Release;
		};
		715AF85E202AABEE0030F166 /* Debug */ = {
			isa = XCBuildConfiguration;
			buildSettings = {
				ASSETCATALOG_COMPILER_APPICON_NAME = AppIcon;
				CODE_SIGN_STYLE = Automatic;
				DEVELOPMENT_TEAM = YH49MKQ3QZ;
				INFOPLIST_FILE = TestOpenssl/Info.plist;
				LD_RUNPATH_SEARCH_PATHS = "$(inherited) @executable_path/Frameworks";
				PRODUCT_BUNDLE_IDENTIFIER = com.hezhen;
				PRODUCT_NAME = "$(TARGET_NAME)";
				TARGETED_DEVICE_FAMILY = "1,2";
			};
			name = Debug;
		};
		715AF85F202AABEE0030F166 /* Release */ = {
			isa = XCBuildConfiguration;
			buildSettings = {
				ASSETCATALOG_COMPILER_APPICON_NAME = AppIcon;
				CODE_SIGN_STYLE = Automatic;
				DEVELOPMENT_TEAM = YH49MKQ3QZ;
				INFOPLIST_FILE = TestOpenssl/Info.plist;
				LD_RUNPATH_SEARCH_PATHS = "$(inherited) @executable_path/Frameworks";
				PRODUCT_BUNDLE_IDENTIFIER = com.hezhen;
				PRODUCT_NAME = "$(TARGET_NAME)";
				TARGETED_DEVICE_FAMILY = "1,2";
			};
			name = Release;
		};
/* End XCBuildConfiguration section */

/* Begin XCConfigurationList section */
		715AF842202AABEE0030F166 /* Build configuration list for PBXProject "TestOpenssl" */ = {
			isa = XCConfigurationList;
			buildConfigurations = (
				715AF85B202AABEE0030F166 /* Debug */,
				715AF85C202AABEE0030F166 /* Release */,
			);
			defaultConfigurationIsVisible = 0;
			defaultConfigurationName = Release;
		};
		715AF85D202AABEE0030F166 /* Build configuration list for PBXNativeTarget "TestOpenssl" */ = {
			isa = XCConfigurationList;
			buildConfigurations = (
				715AF85E202AABEE0030F166 /* Debug */,
				715AF85F202AABEE0030F166 /* Release */,
			);
			defaultConfigurationIsVisible = 0;
			defaultConfigurationName = Release;
		};
/* End XCConfigurationList section */
	};
	rootObject = 715AF83F202AABEE0030F166 /* Project object */;
}
